// !$*UTF8*$!
{
	archiveVersion = 1;
	classes = {
	};
	objectVersion = 56;
	objects = {

/* Begin PBXBuildFile section */
		3862BE184722B26C99EF5393 /* Pods_assignment_8Tests.framework in Frameworks */ = {isa = PBXBuildFile; fileRef = F9355EFEAB0B9493FFE3425F /* Pods_assignment_8Tests.framework */; };
		719498007DF9242B956D730D /* Pods_assignment_8_assignment_8UITests.framework in Frameworks */ = {isa = PBXBuildFile; fileRef = 504A01D90E916C15EC7698E3 /* Pods_assignment_8_assignment_8UITests.framework */; };
		8D00B51B2CF1C84900B6EB6F /* AppDelegate.swift in Sources */ = {isa = PBXBuildFile; fileRef = 8D00B51A2CF1C84900B6EB6F /* AppDelegate.swift */; };
		8D00B51D2CF1C84900B6EB6F /* SceneDelegate.swift in Sources */ = {isa = PBXBuildFile; fileRef = 8D00B51C2CF1C84900B6EB6F /* SceneDelegate.swift */; };
		8D00B51F2CF1C84900B6EB6F /* ViewController.swift in Sources */ = {isa = PBXBuildFile; fileRef = 8D00B51E2CF1C84900B6EB6F /* ViewController.swift */; };
		8D00B5222CF1C84900B6EB6F /* Base in Resources */ = {isa = PBXBuildFile; fileRef = 8D00B5212CF1C84900B6EB6F /* Base */; };
		8D00B5242CF1C84A00B6EB6F /* Assets.xcassets in Resources */ = {isa = PBXBuildFile; fileRef = 8D00B5232CF1C84A00B6EB6F /* Assets.xcassets */; };
		8D00B5272CF1C84A00B6EB6F /* Base in Resources */ = {isa = PBXBuildFile; fileRef = 8D00B5262CF1C84A00B6EB6F /* Base */; };
		8D00B5322CF1C84A00B6EB6F /* assignment_8Tests.swift in Sources */ = {isa = PBXBuildFile; fileRef = 8D00B5312CF1C84A00B6EB6F /* assignment_8Tests.swift */; };
		8D00B53C2CF1C84A00B6EB6F /* assignment_8UITests.swift in Sources */ = {isa = PBXBuildFile; fileRef = 8D00B53B2CF1C84A00B6EB6F /* assignment_8UITests.swift */; };
		8D00B53E2CF1C84A00B6EB6F /* assignment_8UITestsLaunchTests.swift in Sources */ = {isa = PBXBuildFile; fileRef = 8D00B53D2CF1C84A00B6EB6F /* assignment_8UITestsLaunchTests.swift */; };
		A303D7F29D8A2D572CA58DD4 /* Pods_assignment_8.framework in Frameworks */ = {isa = PBXBuildFile; fileRef = 7EE63C138D117D409A38688E /* Pods_assignment_8.framework */; };
/* End PBXBuildFile section */

/* Begin PBXContainerItemProxy section */
		8D00B52E2CF1C84A00B6EB6F /* PBXContainerItemProxy */ = {
			isa = PBXContainerItemProxy;
			containerPortal = 8D00B50F2CF1C84900B6EB6F /* Project object */;
			proxyType = 1;
			remoteGlobalIDString = 8D00B5162CF1C84900B6EB6F;
			remoteInfo = assignment_8;
		};
		8D00B5382CF1C84A00B6EB6F /* PBXContainerItemProxy */ = {
			isa = PBXContainerItemProxy;
			containerPortal = 8D00B50F2CF1C84900B6EB6F /* Project object */;
			proxyType = 1;
			remoteGlobalIDString = 8D00B5162CF1C84900B6EB6F;
			remoteInfo = assignment_8;
		};
/* End PBXContainerItemProxy section */

/* Begin PBXFileReference section */
		1461D42DF910C57E8D49B21F /* Pods-assignment_8Tests.release.xcconfig */ = {isa = PBXFileReference; includeInIndex = 1; lastKnownFileType = text.xcconfig; name = "Pods-assignment_8Tests.release.xcconfig"; path = "Target Support Files/Pods-assignment_8Tests/Pods-assignment_8Tests.release.xcconfig"; sourceTree = "<group>"; };
		504A01D90E916C15EC7698E3 /* Pods_assignment_8_assignment_8UITests.framework */ = {isa = PBXFileReference; explicitFileType = wrapper.framework; includeInIndex = 0; path = Pods_assignment_8_assignment_8UITests.framework; sourceTree = BUILT_PRODUCTS_DIR; };
		5A2C7FA5009F17463D0D49E9 /* Pods-assignment_8-assignment_8UITests.release.xcconfig */ = {isa = PBXFileReference; includeInIndex = 1; lastKnownFileType = text.xcconfig; name = "Pods-assignment_8-assignment_8UITests.release.xcconfig"; path = "Target Support Files/Pods-assignment_8-assignment_8UITests/Pods-assignment_8-assignment_8UITests.release.xcconfig"; sourceTree = "<group>"; };
		6FF8D2CE5D2D73880B7B09C7 /* Pods-assignment_8Tests.debug.xcconfig */ = {isa = PBXFileReference; includeInIndex = 1; lastKnownFileType = text.xcconfig; name = "Pods-assignment_8Tests.debug.xcconfig"; path = "Target Support Files/Pods-assignment_8Tests/Pods-assignment_8Tests.debug.xcconfig"; sourceTree = "<group>"; };
		7EE63C138D117D409A38688E /* Pods_assignment_8.framework */ = {isa = PBXFileReference; explicitFileType = wrapper.framework; includeInIndex = 0; path = Pods_assignment_8.framework; sourceTree = BUILT_PRODUCTS_DIR; };
		8D00B5172CF1C84900B6EB6F /* assignment_8.app */ = {isa = PBXFileReference; explicitFileType = wrapper.application; includeInIndex = 0; path = assignment_8.app; sourceTree = BUILT_PRODUCTS_DIR; };
		8D00B51A2CF1C84900B6EB6F /* AppDelegate.swift */ = {isa = PBXFileReference; lastKnownFileType = sourcecode.swift; path = AppDelegate.swift; sourceTree = "<group>"; };
		8D00B51C2CF1C84900B6EB6F /* SceneDelegate.swift */ = {isa = PBXFileReference; lastKnownFileType = sourcecode.swift; path = SceneDelegate.swift; sourceTree = "<group>"; };
		8D00B51E2CF1C84900B6EB6F /* ViewController.swift */ = {isa = PBXFileReference; lastKnownFileType = sourcecode.swift; path = ViewController.swift; sourceTree = "<group>"; };
		8D00B5212CF1C84900B6EB6F /* Base */ = {isa = PBXFileReference; lastKnownFileType = file.storyboard; name = Base; path = Base.lproj/Main.storyboard; sourceTree = "<group>"; };
		8D00B5232CF1C84A00B6EB6F /* Assets.xcassets */ = {isa = PBXFileReference; lastKnownFileType = folder.assetcatalog; path = Assets.xcassets; sourceTree = "<group>"; };
		8D00B5262CF1C84A00B6EB6F /* Base */ = {isa = PBXFileReference; lastKnownFileType = file.storyboard; name = Base; path = Base.lproj/LaunchScreen.storyboard; sourceTree = "<group>"; };
		8D00B5282CF1C84A00B6EB6F /* Info.plist */ = {isa = PBXFileReference; lastKnownFileType = text.plist.xml; path = Info.plist; sourceTree = "<group>"; };
		8D00B52D2CF1C84A00B6EB6F /* assignment_8Tests.xctest */ = {isa = PBXFileReference; explicitFileType = wrapper.cfbundle; includeInIndex = 0; path = assignment_8Tests.xctest; sourceTree = BUILT_PRODUCTS_DIR; };
		8D00B5312CF1C84A00B6EB6F /* assignment_8Tests.swift */ = {isa = PBXFileReference; lastKnownFileType = sourcecode.swift; path = assignment_8Tests.swift; sourceTree = "<group>"; };
		8D00B5372CF1C84A00B6EB6F /* assignment_8UITests.xctest */ = {isa = PBXFileReference; explicitFileType = wrapper.cfbundle; includeInIndex = 0; path = assignment_8UITests.xctest; sourceTree = BUILT_PRODUCTS_DIR; };
		8D00B53B2CF1C84A00B6EB6F /* assignment_8UITests.swift */ = {isa = PBXFileReference; lastKnownFileType = sourcecode.swift; path = assignment_8UITests.swift; sourceTree = "<group>"; };
		8D00B53D2CF1C84A00B6EB6F /* assignment_8UITestsLaunchTests.swift */ = {isa = PBXFileReference; lastKnownFileType = sourcecode.swift; path = assignment_8UITestsLaunchTests.swift; sourceTree = "<group>"; };
		9DC22A7925751965AD0EB9D7 /* Pods-assignment_8.release.xcconfig */ = {isa = PBXFileReference; includeInIndex = 1; lastKnownFileType = text.xcconfig; name = "Pods-assignment_8.release.xcconfig"; path = "Target Support Files/Pods-assignment_8/Pods-assignment_8.release.xcconfig"; sourceTree = "<group>"; };
		C476382FF13AF087C702E5D8 /* Pods-assignment_8.debug.xcconfig */ = {isa = PBXFileReference; includeInIndex = 1; lastKnownFileType = text.xcconfig; name = "Pods-assignment_8.debug.xcconfig"; path = "Target Support Files/Pods-assignment_8/Pods-assignment_8.debug.xcconfig"; sourceTree = "<group>"; };
		D29FAA2273D7B6325AB65400 /* Pods-assignment_8-assignment_8UITests.debug.xcconfig */ = {isa = PBXFileReference; includeInIndex = 1; lastKnownFileType = text.xcconfig; name = "Pods-assignment_8-assignment_8UITests.debug.xcconfig"; path = "Target Support Files/Pods-assignment_8-assignment_8UITests/Pods-assignment_8-assignment_8UITests.debug.xcconfig"; sourceTree = "<group>"; };
		F9355EFEAB0B9493FFE3425F /* Pods_assignment_8Tests.framework */ = {isa = PBXFileReference; explicitFileType = wrapper.framework; includeInIndex = 0; path = Pods_assignment_8Tests.framework; sourceTree = BUILT_PRODUCTS_DIR; };
/* End PBXFileReference section */

/* Begin PBXFrameworksBuildPhase section */
		8D00B5142CF1C84900B6EB6F /* Frameworks */ = {
			isa = PBXFrameworksBuildPhase;
			buildActionMask = 2147483647;
			files = (
				A303D7F29D8A2D572CA58DD4 /* Pods_assignment_8.framework in Frameworks */,
			);
			runOnlyForDeploymentPostprocessing = 0;
		};
		8D00B52A2CF1C84A00B6EB6F /* Frameworks */ = {
			isa = PBXFrameworksBuildPhase;
			buildActionMask = 2147483647;
			files = (
				3862BE184722B26C99EF5393 /* Pods_assignment_8Tests.framework in Frameworks */,
			);
			runOnlyForDeploymentPostprocessing = 0;
		};
		8D00B5342CF1C84A00B6EB6F /* Frameworks */ = {
			isa = PBXFrameworksBuildPhase;
			buildActionMask = 2147483647;
			files = (
				719498007DF9242B956D730D /* Pods_assignment_8_assignment_8UITests.framework in Frameworks */,
			);
			runOnlyForDeploymentPostprocessing = 0;
		};
/* End PBXFrameworksBuildPhase section */

/* Begin PBXGroup section */
		25A5448B5FBE3ED7418465E2 /* Pods */ = {
			isa = PBXGroup;
			children = (
				C476382FF13AF087C702E5D8 /* Pods-assignment_8.debug.xcconfig */,
				9DC22A7925751965AD0EB9D7 /* Pods-assignment_8.release.xcconfig */,
				D29FAA2273D7B6325AB65400 /* Pods-assignment_8-assignment_8UITests.debug.xcconfig */,
				5A2C7FA5009F17463D0D49E9 /* Pods-assignment_8-assignment_8UITests.release.xcconfig */,
				6FF8D2CE5D2D73880B7B09C7 /* Pods-assignment_8Tests.debug.xcconfig */,
				1461D42DF910C57E8D49B21F /* Pods-assignment_8Tests.release.xcconfig */,
			);
			name = Pods;
			path = Pods;
			sourceTree = "<group>";
		};
		8D00B50E2CF1C84900B6EB6F = {
			isa = PBXGroup;
			children = (
				8D00B5192CF1C84900B6EB6F /* assignment_8 */,
				8D00B5302CF1C84A00B6EB6F /* assignment_8Tests */,
				8D00B53A2CF1C84A00B6EB6F /* assignment_8UITests */,
				8D00B5182CF1C84900B6EB6F /* Products */,
				25A5448B5FBE3ED7418465E2 /* Pods */,
				952ABD4E81BD17611FA6B0CA /* Frameworks */,
			);
			sourceTree = "<group>";
		};
		8D00B5182CF1C84900B6EB6F /* Products */ = {
			isa = PBXGroup;
			children = (
				8D00B5172CF1C84900B6EB6F /* assignment_8.app */,
				8D00B52D2CF1C84A00B6EB6F /* assignment_8Tests.xctest */,
				8D00B5372CF1C84A00B6EB6F /* assignment_8UITests.xctest */,
			);
			name = Products;
			sourceTree = "<group>";
		};
		8D00B5192CF1C84900B6EB6F /* assignment_8 */ = {
			isa = PBXGroup;
			children = (
				8D00B51A2CF1C84900B6EB6F /* AppDelegate.swift */,
				8D00B51C2CF1C84900B6EB6F /* SceneDelegate.swift */,
				8D00B51E2CF1C84900B6EB6F /* ViewController.swift */,
				8D00B5202CF1C84900B6EB6F /* Main.storyboard */,
				8D00B5232CF1C84A00B6EB6F /* Assets.xcassets */,
				8D00B5252CF1C84A00B6EB6F /* LaunchScreen.storyboard */,
				8D00B5282CF1C84A00B6EB6F /* Info.plist */,
			);
			path = assignment_8;
			sourceTree = "<group>";
		};
		8D00B5302CF1C84A00B6EB6F /* assignment_8Tests */ = {
			isa = PBXGroup;
			children = (
				8D00B5312CF1C84A00B6EB6F /* assignment_8Tests.swift */,
			);
			path = assignment_8Tests;
			sourceTree = "<group>";
		};
		8D00B53A2CF1C84A00B6EB6F /* assignment_8UITests */ = {
			isa = PBXGroup;
			children = (
				8D00B53B2CF1C84A00B6EB6F /* assignment_8UITests.swift */,
				8D00B53D2CF1C84A00B6EB6F /* assignment_8UITestsLaunchTests.swift */,
			);
			path = assignment_8UITests;
			sourceTree = "<group>";
		};
		952ABD4E81BD17611FA6B0CA /* Frameworks */ = {
			isa = PBXGroup;
			children = (
				7EE63C138D117D409A38688E /* Pods_assignment_8.framework */,
				504A01D90E916C15EC7698E3 /* Pods_assignment_8_assignment_8UITests.framework */,
				F9355EFEAB0B9493FFE3425F /* Pods_assignment_8Tests.framework */,
			);
			name = Frameworks;
			sourceTree = "<group>";
		};
/* End PBXGroup section */

/* Begin PBXNativeTarget section */
		8D00B5162CF1C84900B6EB6F /* assignment_8 */ = {
			isa = PBXNativeTarget;
			buildConfigurationList = 8D00B5412CF1C84A00B6EB6F /* Build configuration list for PBXNativeTarget "assignment_8" */;
			buildPhases = (
				E0A54CB0247202BB844BFE2F /* [CP] Check Pods Manifest.lock */,
				8D00B5132CF1C84900B6EB6F /* Sources */,
				8D00B5142CF1C84900B6EB6F /* Frameworks */,
				8D00B5152CF1C84900B6EB6F /* Resources */,
			);
			buildRules = (
			);
			dependencies = (
			);
			name = assignment_8;
			productName = assignment_8;
			productReference = 8D00B5172CF1C84900B6EB6F /* assignment_8.app */;
			productType = "com.apple.product-type.application";
		};
		8D00B52C2CF1C84A00B6EB6F /* assignment_8Tests */ = {
			isa = PBXNativeTarget;
			buildConfigurationList = 8D00B5442CF1C84A00B6EB6F /* Build configuration list for PBXNativeTarget "assignment_8Tests" */;
			buildPhases = (
				337F081B54C581187EB2245A /* [CP] Check Pods Manifest.lock */,
				8D00B5292CF1C84A00B6EB6F /* Sources */,
				8D00B52A2CF1C84A00B6EB6F /* Frameworks */,
				8D00B52B2CF1C84A00B6EB6F /* Resources */,
			);
			buildRules = (
			);
			dependencies = (
				8D00B52F2CF1C84A00B6EB6F /* PBXTargetDependency */,
			);
			name = assignment_8Tests;
			productName = assignment_8Tests;
			productReference = 8D00B52D2CF1C84A00B6EB6F /* assignment_8Tests.xctest */;
			productType = "com.apple.product-type.bundle.unit-test";
		};
		8D00B5362CF1C84A00B6EB6F /* assignment_8UITests */ = {
			isa = PBXNativeTarget;
			buildConfigurationList = 8D00B5472CF1C84A00B6EB6F /* Build configuration list for PBXNativeTarget "assignment_8UITests" */;
			buildPhases = (
				DD6B4ECAC282A84A55C5761C /* [CP] Check Pods Manifest.lock */,
				8D00B5332CF1C84A00B6EB6F /* Sources */,
				8D00B5342CF1C84A00B6EB6F /* Frameworks */,
				8D00B5352CF1C84A00B6EB6F /* Resources */,
			);
			buildRules = (
			);
			dependencies = (
				8D00B5392CF1C84A00B6EB6F /* PBXTargetDependency */,
			);
			name = assignment_8UITests;
			productName = assignment_8UITests;
			productReference = 8D00B5372CF1C84A00B6EB6F /* assignment_8UITests.xctest */;
			productType = "com.apple.product-type.bundle.ui-testing";
		};
/* End PBXNativeTarget section */

/* Begin PBXProject section */
		8D00B50F2CF1C84900B6EB6F /* Project object */ = {
			isa = PBXProject;
			attributes = {
				BuildIndependentTargetsInParallel = 1;
				LastSwiftUpdateCheck = 1540;
				LastUpgradeCheck = 1540;
				TargetAttributes = {
					8D00B5162CF1C84900B6EB6F = {
						CreatedOnToolsVersion = 15.4;
					};
					8D00B52C2CF1C84A00B6EB6F = {
						CreatedOnToolsVersion = 15.4;
						TestTargetID = 8D00B5162CF1C84900B6EB6F;
					};
					8D00B5362CF1C84A00B6EB6F = {
						CreatedOnToolsVersion = 15.4;
						TestTargetID = 8D00B5162CF1C84900B6EB6F;
					};
				};
			};
			buildConfigurationList = 8D00B5122CF1C84900B6EB6F /* Build configuration list for PBXProject "assignment_8" */;
			compatibilityVersion = "Xcode 14.0";
			developmentRegion = en;
			hasScannedForEncodings = 0;
			knownRegions = (
				en,
				Base,
			);
			mainGroup = 8D00B50E2CF1C84900B6EB6F;
			productRefGroup = 8D00B5182CF1C84900B6EB6F /* Products */;
			projectDirPath = "";
			projectRoot = "";
			targets = (
				8D00B5162CF1C84900B6EB6F /* assignment_8 */,
				8D00B52C2CF1C84A00B6EB6F /* assignment_8Tests */,
				8D00B5362CF1C84A00B6EB6F /* assignment_8UITests */,
			);
		};
/* End PBXProject section */

/* Begin PBXResourcesBuildPhase section */
		8D00B5152CF1C84900B6EB6F /* Resources */ = {
			isa = PBXResourcesBuildPhase;
			buildActionMask = 2147483647;
			files = (
				8D00B5242CF1C84A00B6EB6F /* Assets.xcassets in Resources */,
				8D00B5272CF1C84A00B6EB6F /* Base in Resources */,
				8D00B5222CF1C84900B6EB6F /* Base in Resources */,
			);
			runOnlyForDeploymentPostprocessing = 0;
		};
		8D00B52B2CF1C84A00B6EB6F /* Resources */ = {
			isa = PBXResourcesBuildPhase;
			buildActionMask = 2147483647;
			files = (
			);
			runOnlyForDeploymentPostprocessing = 0;
		};
		8D00B5352CF1C84A00B6EB6F /* Resources */ = {
			isa = PBXResourcesBuildPhase;
			buildActionMask = 2147483647;
			files = (
			);
			runOnlyForDeploymentPostprocessing = 0;
		};
/* End PBXResourcesBuildPhase section */

/* Begin PBXShellScriptBuildPhase section */
		337F081B54C581187EB2245A /* [CP] Check Pods Manifest.lock */ = {
			isa = PBXShellScriptBuildPhase;
			buildActionMask = 2147483647;
			files = (
			);
			inputFileListPaths = (
			);
			inputPaths = (
				"${PODS_PODFILE_DIR_PATH}/Podfile.lock",
				"${PODS_ROOT}/Manifest.lock",
			);
			name = "[CP] Check Pods Manifest.lock";
			outputFileListPaths = (
			);
			outputPaths = (
				"$(DERIVED_FILE_DIR)/Pods-assignment_8Tests-checkManifestLockResult.txt",
			);
			runOnlyForDeploymentPostprocessing = 0;
			shellPath = /bin/sh;
			shellScript = "diff \"${PODS_PODFILE_DIR_PATH}/Podfile.lock\" \"${PODS_ROOT}/Manifest.lock\" > /dev/null\nif [ $? != 0 ] ; then\n    # print error to STDERR\n    echo \"error: The sandbox is not in sync with the Podfile.lock. Run 'pod install' or update your CocoaPods installation.\" >&2\n    exit 1\nfi\n# This output is used by Xcode 'outputs' to avoid re-running this script phase.\necho \"SUCCESS\" > \"${SCRIPT_OUTPUT_FILE_0}\"\n";
			showEnvVarsInLog = 0;
		};
		DD6B4ECAC282A84A55C5761C /* [CP] Check Pods Manifest.lock */ = {
			isa = PBXShellScriptBuildPhase;
			buildActionMask = 2147483647;
			files = (
			);
			inputFileListPaths = (
			);
			inputPaths = (
				"${PODS_PODFILE_DIR_PATH}/Podfile.lock",
				"${PODS_ROOT}/Manifest.lock",
			);
			name = "[CP] Check Pods Manifest.lock";
			outputFileListPaths = (
			);
			outputPaths = (
				"$(DERIVED_FILE_DIR)/Pods-assignment_8-assignment_8UITests-checkManifestLockResult.txt",
			);
			runOnlyForDeploymentPostprocessing = 0;
			shellPath = /bin/sh;
			shellScript = "diff \"${PODS_PODFILE_DIR_PATH}/Podfile.lock\" \"${PODS_ROOT}/Manifest.lock\" > /dev/null\nif [ $? != 0 ] ; then\n    # print error to STDERR\n    echo \"error: The sandbox is not in sync with the Podfile.lock. Run 'pod install' or update your CocoaPods installation.\" >&2\n    exit 1\nfi\n# This output is used by Xcode 'outputs' to avoid re-running this script phase.\necho \"SUCCESS\" > \"${SCRIPT_OUTPUT_FILE_0}\"\n";
			showEnvVarsInLog = 0;
		};
		E0A54CB0247202BB844BFE2F /* [CP] Check Pods Manifest.lock */ = {
			isa = PBXShellScriptBuildPhase;
			buildActionMask = 2147483647;
			files = (
			);
			inputFileListPaths = (
			);
			inputPaths = (
				"${PODS_PODFILE_DIR_PATH}/Podfile.lock",
				"${PODS_ROOT}/Manifest.lock",
			);
			name = "[CP] Check Pods Manifest.lock";
			outputFileListPaths = (
			);
			outputPaths = (
				"$(DERIVED_FILE_DIR)/Pods-assignment_8-checkManifestLockResult.txt",
			);
			runOnlyForDeploymentPostprocessing = 0;
			shellPath = /bin/sh;
			shellScript = "diff \"${PODS_PODFILE_DIR_PATH}/Podfile.lock\" \"${PODS_ROOT}/Manifest.lock\" > /dev/null\nif [ $? != 0 ] ; then\n    # print error to STDERR\n    echo \"error: The sandbox is not in sync with the Podfile.lock. Run 'pod install' or update your CocoaPods installation.\" >&2\n    exit 1\nfi\n# This output is used by Xcode 'outputs' to avoid re-running this script phase.\necho \"SUCCESS\" > \"${SCRIPT_OUTPUT_FILE_0}\"\n";
			showEnvVarsInLog = 0;
		};
/* End PBXShellScriptBuildPhase section */

/* Begin PBXSourcesBuildPhase section */
		8D00B5132CF1C84900B6EB6F /* Sources */ = {
			isa = PBXSourcesBuildPhase;
			buildActionMask = 2147483647;
			files = (
				8D00B51F2CF1C84900B6EB6F /* ViewController.swift in Sources */,
				8D00B51B2CF1C84900B6EB6F /* AppDelegate.swift in Sources */,
				8D00B51D2CF1C84900B6EB6F /* SceneDelegate.swift in Sources */,
			);
			runOnlyForDeploymentPostprocessing = 0;
		};
		8D00B5292CF1C84A00B6EB6F /* Sources */ = {
			isa = PBXSourcesBuildPhase;
			buildActionMask = 2147483647;
			files = (
				8D00B5322CF1C84A00B6EB6F /* assignment_8Tests.swift in Sources */,
			);
			runOnlyForDeploymentPostprocessing = 0;
		};
		8D00B5332CF1C84A00B6EB6F /* Sources */ = {
			isa = PBXSourcesBuildPhase;
			buildActionMask = 2147483647;
			files = (
				8D00B53E2CF1C84A00B6EB6F /* assignment_8UITestsLaunchTests.swift in Sources */,
				8D00B53C2CF1C84A00B6EB6F /* assignment_8UITests.swift in Sources */,
			);
			runOnlyForDeploymentPostprocessing = 0;
		};
/* End PBXSourcesBuildPhase section */

/* Begin PBXTargetDependency section */
		8D00B52F2CF1C84A00B6EB6F /* PBXTargetDependency */ = {
			isa = PBXTargetDependency;
			target = 8D00B5162CF1C84900B6EB6F /* assignment_8 */;
			targetProxy = 8D00B52E2CF1C84A00B6EB6F /* PBXContainerItemProxy */;
		};
		8D00B5392CF1C84A00B6EB6F /* PBXTargetDependency */ = {
			isa = PBXTargetDependency;
			target = 8D00B5162CF1C84900B6EB6F /* assignment_8 */;
			targetProxy = 8D00B5382CF1C84A00B6EB6F /* PBXContainerItemProxy */;
		};
/* End PBXTargetDependency section */

/* Begin PBXVariantGroup section */
		8D00B5202CF1C84900B6EB6F /* Main.storyboard */ = {
			isa = PBXVariantGroup;
			children = (
				8D00B5212CF1C84900B6EB6F /* Base */,
			);
			name = Main.storyboard;
			sourceTree = "<group>";
		};
		8D00B5252CF1C84A00B6EB6F /* LaunchScreen.storyboard */ = {
			isa = PBXVariantGroup;
			children = (
				8D00B5262CF1C84A00B6EB6F /* Base */,
			);
			name = LaunchScreen.storyboard;
			sourceTree = "<group>";
		};
/* End PBXVariantGroup section */

/* Begin XCBuildConfiguration section */
		8D00B53F2CF1C84A00B6EB6F /* Debug */ = {
			isa = XCBuildConfiguration;
			buildSettings = {
				ALWAYS_SEARCH_USER_PATHS = NO;
				ASSETCATALOG_COMPILER_GENERATE_SWIFT_ASSET_SYMBOL_EXTENSIONS = YES;
				CLANG_ANALYZER_NONNULL = YES;
				CLANG_ANALYZER_NUMBER_OBJECT_CONVERSION = YES_AGGRESSIVE;
				CLANG_CXX_LANGUAGE_STANDARD = "gnu++20";
				CLANG_ENABLE_MODULES = YES;
				CLANG_ENABLE_OBJC_ARC = YES;
				CLANG_ENABLE_OBJC_WEAK = YES;
				CLANG_WARN_BLOCK_CAPTURE_AUTORELEASING = YES;
				CLANG_WARN_BOOL_CONVERSION = YES;
				CLANG_WARN_COMMA = YES;
				CLANG_WARN_CONSTANT_CONVERSION = YES;
				CLANG_WARN_DEPRECATED_OBJC_IMPLEMENTATIONS = YES;
				CLANG_WARN_DIRECT_OBJC_ISA_USAGE = YES_ERROR;
				CLANG_WARN_DOCUMENTATION_COMMENTS = YES;
				CLANG_WARN_EMPTY_BODY = YES;
				CLANG_WARN_ENUM_CONVERSION = YES;
				CLANG_WARN_INFINITE_RECURSION = YES;
				CLANG_WARN_INT_CONVERSION = YES;
				CLANG_WARN_NON_LITERAL_NULL_CONVERSION = YES;
				CLANG_WARN_OBJC_IMPLICIT_RETAIN_SELF = YES;
				CLANG_WARN_OBJC_LITERAL_CONVERSION = YES;
				CLANG_WARN_OBJC_ROOT_CLASS = YES_ERROR;
				CLANG_WARN_QUOTED_INCLUDE_IN_FRAMEWORK_HEADER = YES;
				CLANG_WARN_RANGE_LOOP_ANALYSIS = YES;
				CLANG_WARN_STRICT_PROTOTYPES = YES;
				CLANG_WARN_SUSPICIOUS_MOVE = YES;
				CLANG_WARN_UNGUARDED_AVAILABILITY = YES_AGGRESSIVE;
				CLANG_WARN_UNREACHABLE_CODE = YES;
				CLANG_WARN__DUPLICATE_METHOD_MATCH = YES;
				COPY_PHASE_STRIP = NO;
				DEBUG_INFORMATION_FORMAT = dwarf;
				ENABLE_STRICT_OBJC_MSGSEND = YES;
				ENABLE_TESTABILITY = YES;
				ENABLE_USER_SCRIPT_SANDBOXING = YES;
				GCC_C_LANGUAGE_STANDARD = gnu17;
				GCC_DYNAMIC_NO_PIC = NO;
				GCC_NO_COMMON_BLOCKS = YES;
				GCC_OPTIMIZATION_LEVEL = 0;
				GCC_PREPROCESSOR_DEFINITIONS = (
					"DEBUG=1",
					"$(inherited)",
				);
				GCC_WARN_64_TO_32_BIT_CONVERSION = YES;
				GCC_WARN_ABOUT_RETURN_TYPE = YES_ERROR;
				GCC_WARN_UNDECLARED_SELECTOR = YES;
				GCC_WARN_UNINITIALIZED_AUTOS = YES_AGGRESSIVE;
				GCC_WARN_UNUSED_FUNCTION = YES;
				GCC_WARN_UNUSED_VARIABLE = YES;
				IPHONEOS_DEPLOYMENT_TARGET = 17.5;
				LOCALIZATION_PREFERS_STRING_CATALOGS = YES;
				MTL_ENABLE_DEBUG_INFO = INCLUDE_SOURCE;
				MTL_FAST_MATH = YES;
				ONLY_ACTIVE_ARCH = YES;
				SDKROOT = iphoneos;
				SWIFT_ACTIVE_COMPILATION_CONDITIONS = "DEBUG $(inherited)";
				SWIFT_OPTIMIZATION_LEVEL = "-Onone";
			};
			name = Debug;
		};
		8D00B5402CF1C84A00B6EB6F /* Release */ = {
			isa = XCBuildConfiguration;
			buildSettings = {
				ALWAYS_SEARCH_USER_PATHS = NO;
				ASSETCATALOG_COMPILER_GENERATE_SWIFT_ASSET_SYMBOL_EXTENSIONS = YES;
				CLANG_ANALYZER_NONNULL = YES;
				CLANG_ANALYZER_NUMBER_OBJECT_CONVERSION = YES_AGGRESSIVE;
				CLANG_CXX_LANGUAGE_STANDARD = "gnu++20";
				CLANG_ENABLE_MODULES = YES;
				CLANG_ENABLE_OBJC_ARC = YES;
				CLANG_ENABLE_OBJC_WEAK = YES;
				CLANG_WARN_BLOCK_CAPTURE_AUTORELEASING = YES;
				CLANG_WARN_BOOL_CONVERSION = YES;
				CLANG_WARN_COMMA = YES;
				CLANG_WARN_CONSTANT_CONVERSION = YES;
				CLANG_WARN_DEPRECATED_OBJC_IMPLEMENTATIONS = YES;
				CLANG_WARN_DIRECT_OBJC_ISA_USAGE = YES_ERROR;
				CLANG_WARN_DOCUMENTATION_COMMENTS = YES;
				CLANG_WARN_EMPTY_BODY = YES;
				CLANG_WARN_ENUM_CONVERSION = YES;
				CLANG_WARN_INFINITE_RECURSION = YES;
				CLANG_WARN_INT_CONVERSION = YES;
				CLANG_WARN_NON_LITERAL_NULL_CONVERSION = YES;
				CLANG_WARN_OBJC_IMPLICIT_RETAIN_SELF = YES;
				CLANG_WARN_OBJC_LITERAL_CONVERSION = YES;
				CLANG_WARN_OBJC_ROOT_CLASS = YES_ERROR;
				CLANG_WARN_QUOTED_INCLUDE_IN_FRAMEWORK_HEADER = YES;
				CLANG_WARN_RANGE_LOOP_ANALYSIS = YES;
				CLANG_WARN_STRICT_PROTOTYPES = YES;
				CLANG_WARN_SUSPICIOUS_MOVE = YES;
				CLANG_WARN_UNGUARDED_AVAILABILITY = YES_AGGRESSIVE;
				CLANG_WARN_UNREACHABLE_CODE = YES;
				CLANG_WARN__DUPLICATE_METHOD_MATCH = YES;
				COPY_PHASE_STRIP = NO;
				DEBUG_INFORMATION_FORMAT = "dwarf-with-dsym";
				ENABLE_NS_ASSERTIONS = NO;
				ENABLE_STRICT_OBJC_MSGSEND = YES;
				ENABLE_USER_SCRIPT_SANDBOXING = YES;
				GCC_C_LANGUAGE_STANDARD = gnu17;
				GCC_NO_COMMON_BLOCKS = YES;
				GCC_WARN_64_TO_32_BIT_CONVERSION = YES;
				GCC_WARN_ABOUT_RETURN_TYPE = YES_ERROR;
				GCC_WARN_UNDECLARED_SELECTOR = YES;
				GCC_WARN_UNINITIALIZED_AUTOS = YES_AGGRESSIVE;
				GCC_WARN_UNUSED_FUNCTION = YES;
				GCC_WARN_UNUSED_VARIABLE = YES;
				IPHONEOS_DEPLOYMENT_TARGET = 17.5;
				LOCALIZATION_PREFERS_STRING_CATALOGS = YES;
				MTL_ENABLE_DEBUG_INFO = NO;
				MTL_FAST_MATH = YES;
				SDKROOT = iphoneos;
				SWIFT_COMPILATION_MODE = wholemodule;
				VALIDATE_PRODUCT = YES;
			};
			name = Release;
		};
		8D00B5422CF1C84A00B6EB6F /* Debug */ = {
			isa = XCBuildConfiguration;
			baseConfigurationReference = C476382FF13AF087C702E5D8 /* Pods-assignment_8.debug.xcconfig */;
			buildSettings = {
				ASSETCATALOG_COMPILER_APPICON_NAME = AppIcon;
				ASSETCATALOG_COMPILER_GLOBAL_ACCENT_COLOR_NAME = AccentColor;
				CODE_SIGN_STYLE = Automatic;
				CURRENT_PROJECT_VERSION = 1;
				GENERATE_INFOPLIST_FILE = YES;
				INFOPLIST_FILE = assignment_8/Info.plist;
				INFOPLIST_KEY_UIApplicationSupportsIndirectInputEvents = YES;
				INFOPLIST_KEY_UILaunchStoryboardName = LaunchScreen;
				INFOPLIST_KEY_UIMainStoryboardFile = Main;
				INFOPLIST_KEY_UISupportedInterfaceOrientations_iPad = "UIInterfaceOrientationPortrait UIInterfaceOrientationPortraitUpsideDown UIInterfaceOrientationLandscapeLeft UIInterfaceOrientationLandscapeRight";
				INFOPLIST_KEY_UISupportedInterfaceOrientations_iPhone = "UIInterfaceOrientationPortrait UIInterfaceOrientationLandscapeLeft UIInterfaceOrientationLandscapeRight";
				LD_RUNPATH_SEARCH_PATHS = (
					"$(inherited)",
					"@executable_path/Frameworks",
				);
				MARKETING_VERSION = 1.0;
				PRODUCT_BUNDLE_IDENTIFIER = "ios.assignment-8";
				PRODUCT_NAME = "$(TARGET_NAME)";
				SWIFT_EMIT_LOC_STRINGS = YES;
				SWIFT_VERSION = 5.0;
				TARGETED_DEVICE_FAMILY = "1,2";
			};
			name = Debug;
		};
		8D00B5432CF1C84A00B6EB6F /* Release */ = {
			isa = XCBuildConfiguration;
			baseConfigurationReference = 9DC22A7925751965AD0EB9D7 /* Pods-assignment_8.release.xcconfig */;
			buildSettings = {
				ASSETCATALOG_COMPILER_APPICON_NAME = AppIcon;
				ASSETCATALOG_COMPILER_GLOBAL_ACCENT_COLOR_NAME = AccentColor;
				CODE_SIGN_STYLE = Automatic;
				CURRENT_PROJECT_VERSION = 1;
				GENERATE_INFOPLIST_FILE = YES;
				INFOPLIST_FILE = assignment_8/Info.plist;
				INFOPLIST_KEY_UIApplicationSupportsIndirectInputEvents = YES;
				INFOPLIST_KEY_UILaunchStoryboardName = LaunchScreen;
				INFOPLIST_KEY_UIMainStoryboardFile = Main;
				INFOPLIST_KEY_UISupportedInterfaceOrientations_iPad = "UIInterfaceOrientationPortrait UIInterfaceOrientationPortraitUpsideDown UIInterfaceOrientationLandscapeLeft UIInterfaceOrientationLandscapeRight";
				INFOPLIST_KEY_UISupportedInterfaceOrientations_iPhone = "UIInterfaceOrientationPortrait UIInterfaceOrientationLandscapeLeft UIInterfaceOrientationLandscapeRight";
				LD_RUNPATH_SEARCH_PATHS = (
					"$(inherited)",
					"@executable_path/Frameworks",
				);
				MARKETING_VERSION = 1.0;
				PRODUCT_BUNDLE_IDENTIFIER = "ios.assignment-8";
				PRODUCT_NAME = "$(TARGET_NAME)";
				SWIFT_EMIT_LOC_STRINGS = YES;
				SWIFT_VERSION = 5.0;
				TARGETED_DEVICE_FAMILY = "1,2";
			};
			name = Release;
		};
		8D00B5452CF1C84A00B6EB6F /* Debug */ = {
			isa = XCBuildConfiguration;
			baseConfigurationReference = 6FF8D2CE5D2D73880B7B09C7 /* Pods-assignment_8Tests.debug.xcconfig */;
			buildSettings = {
				ALWAYS_EMBED_SWIFT_STANDARD_LIBRARIES = YES;
				BUNDLE_LOADER = "$(TEST_HOST)";
				CODE_SIGN_STYLE = Automatic;
				CURRENT_PROJECT_VERSION = 1;
				GENERATE_INFOPLIST_FILE = YES;
				IPHONEOS_DEPLOYMENT_TARGET = 17.5;
				MARKETING_VERSION = 1.0;
				PRODUCT_BUNDLE_IDENTIFIER = "ios.assignment-8Tests";
				PRODUCT_NAME = "$(TARGET_NAME)";
				SWIFT_EMIT_LOC_STRINGS = NO;
				SWIFT_VERSION = 5.0;
				TARGETED_DEVICE_FAMILY = "1,2";
				TEST_HOST = "$(BUILT_PRODUCTS_DIR)/assignment_8.app/$(BUNDLE_EXECUTABLE_FOLDER_PATH)/assignment_8";
			};
			name = Debug;
		};
		8D00B5462CF1C84A00B6EB6F /* Release */ = {
			isa = XCBuildConfiguration;
			baseConfigurationReference = 1461D42DF910C57E8D49B21F /* Pods-assignment_8Tests.release.xcconfig */;
			buildSettings = {
				ALWAYS_EMBED_SWIFT_STANDARD_LIBRARIES = YES;
				BUNDLE_LOADER = "$(TEST_HOST)";
				CODE_SIGN_STYLE = Automatic;
				CURRENT_PROJECT_VERSION = 1;
				GENERATE_INFOPLIST_FILE = YES;
				IPHONEOS_DEPLOYMENT_TARGET = 17.5;
				MARKETING_VERSION = 1.0;
				PRODUCT_BUNDLE_IDENTIFIER = "ios.assignment-8Tests";
				PRODUCT_NAME = "$(TARGET_NAME)";
				SWIFT_EMIT_LOC_STRINGS = NO;
				SWIFT_VERSION = 5.0;
				TARGETED_DEVICE_FAMILY = "1,2";
				TEST_HOST = "$(BUILT_PRODUCTS_DIR)/assignment_8.app/$(BUNDLE_EXECUTABLE_FOLDER_PATH)/assignment_8";
			};
			name = Release;
		};
		8D00B5482CF1C84A00B6EB6F /* Debug */ = {
			isa = XCBuildConfiguration;
			baseConfigurationReference = D29FAA2273D7B6325AB65400 /* Pods-assignment_8-assignment_8UITests.debug.xcconfig */;
			buildSettings = {
				ALWAYS_EMBED_SWIFT_STANDARD_LIBRARIES = YES;
				CODE_SIGN_STYLE = Automatic;
				CURRENT_PROJECT_VERSION = 1;
				GENERATE_INFOPLIST_FILE = YES;
				MARKETING_VERSION = 1.0;
				PRODUCT_BUNDLE_IDENTIFIER = "ios.assignment-8UITests";
				PRODUCT_NAME = "$(TARGET_NAME)";
				SWIFT_EMIT_LOC_STRINGS = NO;
				SWIFT_VERSION = 5.0;
				TARGETED_DEVICE_FAMILY = "1,2";
				TEST_TARGET_NAME = assignment_8;
			};
			name = Debug;
		};
		8D00B5492CF1C84A00B6EB6F /* Release */ = {
			isa = XCBuildConfiguration;
			baseConfigurationReference = 5A2C7FA5009F17463D0D49E9 /* Pods-assignment_8-assignment_8UITests.release.xcconfig */;
			buildSettings = {
				ALWAYS_EMBED_SWIFT_STANDARD_LIBRARIES = YES;
				CODE_SIGN_STYLE = Automatic;
				CURRENT_PROJECT_VERSION = 1;
				GENERATE_INFOPLIST_FILE = YES;
				MARKETING_VERSION = 1.0;
				PRODUCT_BUNDLE_IDENTIFIER = "ios.assignment-8UITests";
				PRODUCT_NAME = "$(TARGET_NAME)";
				SWIFT_EMIT_LOC_STRINGS = NO;
				SWIFT_VERSION = 5.0;
				TARGETED_DEVICE_FAMILY = "1,2";
				TEST_TARGET_NAME = assignment_8;
			};
			name = Release;
		};
/* End XCBuildConfiguration section */

/* Begin XCConfigurationList section */
		8D00B5122CF1C84900B6EB6F /* Build configuration list for PBXProject "assignment_8" */ = {
			isa = XCConfigurationList;
			buildConfigurations = (
				8D00B53F2CF1C84A00B6EB6F /* Debug */,
				8D00B5402CF1C84A00B6EB6F /* Release */,
			);
			defaultConfigurationIsVisible = 0;
			defaultConfigurationName = Release;
		};
		8D00B5412CF1C84A00B6EB6F /* Build configuration list for PBXNativeTarget "assignment_8" */ = {
			isa = XCConfigurationList;
			buildConfigurations = (
				8D00B5422CF1C84A00B6EB6F /* Debug */,
				8D00B5432CF1C84A00B6EB6F /* Release */,
			);
			defaultConfigurationIsVisible = 0;
			defaultConfigurationName = Release;
		};
		8D00B5442CF1C84A00B6EB6F /* Build configuration list for PBXNativeTarget "assignment_8Tests" */ = {
			isa = XCConfigurationList;
			buildConfigurations = (
				8D00B5452CF1C84A00B6EB6F /* Debug */,
				8D00B5462CF1C84A00B6EB6F /* Release */,
			);
			defaultConfigurationIsVisible = 0;
			defaultConfigurationName = Release;
		};
		8D00B5472CF1C84A00B6EB6F /* Build configuration list for PBXNativeTarget "assignment_8UITests" */ = {
			isa = XCConfigurationList;
			buildConfigurations = (
				8D00B5482CF1C84A00B6EB6F /* Debug */,
				8D00B5492CF1C84A00B6EB6F /* Release */,
			);
			defaultConfigurationIsVisible = 0;
			defaultConfigurationName = Release;
		};
/* End XCConfigurationList section */
	};
	rootObject = 8D00B50F2CF1C84900B6EB6F /* Project object */;
}
